
Microsoft Visual Studio Solution File, Format Version 12.00
# Visual Studio Version 16
VisualStudioVersion = 16.0.29728.190
MinimumVisualStudioVersion = 10.0.40219.1
Project("{FAE04EC0-301F-11D3-BF4B-00C04F79EFBC}") = "AsurityAPI", "AsurityAPI\AsurityAPI.csproj", "{61EF9986-518E-461D-B180-019AA13CA9BD}"
EndProject
Global
	GlobalSection(SolutionConfigurationPlatforms) = preSolution
		Debug|Any CPU = Debug|Any CPU
		Release|Any CPU = Release|Any CPU
	EndGlobalSection
	GlobalSection(ProjectConfigurationPlatforms) = postSolution
		{61EF9986-518E-461D-B180-019AA13CA9BD}.Debug|Any CPU.ActiveCfg = Debug|Any CPU
		{61EF9986-518E-461D-B180-019AA13CA9BD}.Debug|Any CPU.Build.0 = Debug|Any CPU
		{61EF9986-518E-461D-B180-019AA13CA9BD}.Release|Any CPU.ActiveCfg = Release|Any CPU
		{61EF9986-518E-461D-B180-019AA13CA9BD}.Release|Any CPU.Build.0 = Release|Any CPU
	EndGlobalSection
	GlobalSection(SolutionProperties) = preSolution
		HideSolutionNode = FALSE
	EndGlobalSection
	GlobalSection(ExtensibilityGlobals) = postSolution
		SolutionGuid = {F5C15732-DD2C-487A-A5AF-7B76373D6866}
	EndGlobalSection
EndGlobal
